
Microsoft Visual Studio Solution File, Format Version 12.00
# Visual Studio Version 17
VisualStudioVersion = 17.12.35527.113 d17.12
MinimumVisualStudioVersion = 10.0.40219.1
Project("{FAE04EC0-301F-11D3-BF4B-00C04F79EFBC}") = "PortfolioWebassembly", "PortfolioWebassembly\PortfolioWebassembly.csproj", "{C99DA4D8-508E-4279-AA7C-43DA85E269EF}"
EndProject
Global
	GlobalSection(SolutionConfigurationPlatforms) = preSolution
		Debug|Any CPU = Debug|Any CPU
		Release|Any CPU = Release|Any CPU
	EndGlobalSection
	GlobalSection(ProjectConfigurationPlatforms) = postSolution
		{C99DA4D8-508E-4279-AA7C-43DA85E269EF}.Debug|Any CPU.ActiveCfg = Debug|Any CPU
		{C99DA4D8-508E-4279-AA7C-43DA85E269EF}.Debug|Any CPU.Build.0 = Debug|Any CPU
		{C99DA4D8-508E-4279-AA7C-43DA85E269EF}.Release|Any CPU.ActiveCfg = Release|Any CPU
		{C99DA4D8-508E-4279-AA7C-43DA85E269EF}.Release|Any CPU.Build.0 = Release|Any CPU
	EndGlobalSection
	GlobalSection(SolutionProperties) = preSolution
		HideSolutionNode = FALSE
	EndGlobalSection
EndGlobal
